{
  "requires": true,
  "lockfileVersion": 1,
  "dependencies": {
    "@electron/remote": {
      "version": "2.0.1",
      "resolved": "https://registry.npmjs.org/@electron/remote/-/remote-2.0.1.tgz",
      "integrity": "sha512-bGX4/yB2bPZwXm1DsxgoABgH0Cz7oFtXJgkerB8VrStYdTyvhGAULzNLRn9rVmeAuC3VUDXaXpZIlZAZHpsLIA=="
    }
  }
}
